
Microsoft Visual Studio Solution File, Format Version 12.00
# Visual Studio Version 17
VisualStudioVersion = 17.1.32407.343
MinimumVisualStudioVersion = 10.0.40219.1
Project("{FAE04EC0-301F-11D3-BF4B-00C04F79EFBC}") = "luval.code-inspect.core", "luval.code-inspect.core\luval.code-inspect.core.csproj", "{9130B0C8-4AD2-47F2-B8FF-198742327F8C}"
EndProject
Project("{FAE04EC0-301F-11D3-BF4B-00C04F79EFBC}") = "luval.code-inspect.tests", "luval.code-inspect.tests\luval.code-inspect.tests.csproj", "{A155E769-6189-4704-95A4-AEC25500DEEC}"
EndProject
Project("{FAE04EC0-301F-11D3-BF4B-00C04F79EFBC}") = "luval.code-inspect.app", "luval.code-inspect.app\luval.code-inspect.app.csproj", "{0D2E3F83-2C21-4932-8D1E-5246A5E7CCF3}"
EndProject
Global
	GlobalSection(SolutionConfigurationPlatforms) = preSolution
		Debug|Any CPU = Debug|Any CPU
		Release|Any CPU = Release|Any CPU
	EndGlobalSection
	GlobalSection(ProjectConfigurationPlatforms) = postSolution
		{9130B0C8-4AD2-47F2-B8FF-198742327F8C}.Debug|Any CPU.ActiveCfg = Debug|Any CPU
		{9130B0C8-4AD2-47F2-B8FF-198742327F8C}.Debug|Any CPU.Build.0 = Debug|Any CPU
		{9130B0C8-4AD2-47F2-B8FF-198742327F8C}.Release|Any CPU.ActiveCfg = Release|Any CPU
		{9130B0C8-4AD2-47F2-B8FF-198742327F8C}.Release|Any CPU.Build.0 = Release|Any CPU
		{A155E769-6189-4704-95A4-AEC25500DEEC}.Debug|Any CPU.ActiveCfg = Debug|Any CPU
		{A155E769-6189-4704-95A4-AEC25500DEEC}.Debug|Any CPU.Build.0 = Debug|Any CPU
		{A155E769-6189-4704-95A4-AEC25500DEEC}.Release|Any CPU.ActiveCfg = Release|Any CPU
		{A155E769-6189-4704-95A4-AEC25500DEEC}.Release|Any CPU.Build.0 = Release|Any CPU
		{0D2E3F83-2C21-4932-8D1E-5246A5E7CCF3}.Debug|Any CPU.ActiveCfg = Debug|Any CPU
		{0D2E3F83-2C21-4932-8D1E-5246A5E7CCF3}.Debug|Any CPU.Build.0 = Debug|Any CPU
		{0D2E3F83-2C21-4932-8D1E-5246A5E7CCF3}.Release|Any CPU.ActiveCfg = Release|Any CPU
		{0D2E3F83-2C21-4932-8D1E-5246A5E7CCF3}.Release|Any CPU.Build.0 = Release|Any CPU
	EndGlobalSection
	GlobalSection(SolutionProperties) = preSolution
		HideSolutionNode = FALSE
	EndGlobalSection
	GlobalSection(ExtensibilityGlobals) = postSolution
		SolutionGuid = {F0E1805C-13DA-4568-8D9E-AD3E50B690DE}
	EndGlobalSection
EndGlobal
